github.com/cloudlena/adapters v0.0.0-20250326105956-e2708872d0ce h1:rwll6ZZKk3e1EV9MNE1R/ryPPaVpBQukVZ1Gf1iPb1w=
github.com/cloudlena/adapters v0.0.0-20250326105956-e2708872d0ce/go.mod h1:/OFPssW/8qjSUzH+0IJIefwlJmFzqEZGwqQl1OQQMSk=
github.com/gorilla/websocket v1.5.3 h1:saDtZ6Pbx/0u+bgYQ3q96pZgCzfhKXGPqt7kZ72aNNg=
github.com/gorilla/websocket v1.5.3/go.mod h1:YR8l580nyteQvAITg2hZ9XVh4b55+EU/adAjf1fMHhE=
github.com/lib/pq v1.10.9 h1:YXG7RB+JIjhP29X+OtkiDnYaXQwpS4JEWq7dtCCRUEw=
github.com/lib/pq v1.10.9/go.mod h1:AlVN5x4E4T544tWzH6hKfbfQvm3HdbOxrmggDNAPY9o=
